
Microsoft Visual Studio Solution File, Format Version 12.00
# Visual Studio Version 17
VisualStudioVersion = 17.14.36408.4 d17.14
MinimumVisualStudioVersion = 10.0.40219.1
Project("{FAE04EC0-301F-11D3-BF4B-00C04F79EFBC}") = "employee-management-system-entity-framework", "employee-management-system-entity-framework.csproj", "{8F55F827-342D-5339-B621-E55E660569B3}"
EndProject
Global
	GlobalSection(SolutionConfigurationPlatforms) = preSolution
		Debug|Any CPU = Debug|Any CPU
		Release|Any CPU = Release|Any CPU
	EndGlobalSection
	GlobalSection(ProjectConfigurationPlatforms) = postSolution
		{8F55F827-342D-5339-B621-E55E660569B3}.Debug|Any CPU.ActiveCfg = Debug|Any CPU
		{8F55F827-342D-5339-B621-E55E660569B3}.Debug|Any CPU.Build.0 = Debug|Any CPU
		{8F55F827-342D-5339-B621-E55E660569B3}.Release|Any CPU.ActiveCfg = Release|Any CPU
		{8F55F827-342D-5339-B621-E55E660569B3}.Release|Any CPU.Build.0 = Release|Any CPU
	EndGlobalSection
	GlobalSection(SolutionProperties) = preSolution
		HideSolutionNode = FALSE
	EndGlobalSection
	GlobalSection(ExtensibilityGlobals) = postSolution
		SolutionGuid = {A53B76FB-09A5-42DE-8EDD-91FFDC275D6C}
	EndGlobalSection
EndGlobal
